{
  "nodes": {
    "nixpkgs": {
      "locked": {
        "lastModified": 1768709776,
        "narHash": "sha256-R6g6jN2B+U8MPOjDtTgGnVE5+faKlaslU0LPwbWMsaQ=",
        "owner": "NixOS",
        "repo": "nixpkgs",
        "rev": "489da8a55e73d91294516cad7a10d2c06ed6b2e4",
        "type": "github"
      },
      "original": {
        "owner": "NixOS",
        "repo": "nixpkgs",
        "type": "github"
      }
    },
    "root": {
      "inputs": {
        "nixpkgs": "nixpkgs"
      }
    }
  },
  "root": "root",
  "version": 7
}
